
Microsoft Visual Studio Solution File, Format Version 12.00
# Visual Studio Version 16
VisualStudioVersion = 16.0.28729.10
MinimumVisualStudioVersion = 10.0.40219.1
Project("{9A19103F-16F7-4668-BE54-9A1E7A4F7556}") = "md2-backend", "md2-backend.csproj", "{2F4E84F7-AF97-4719-84AB-F1706E2C1B0C}"
EndProject
Global
	GlobalSection(SolutionConfigurationPlatforms) = preSolution
		Debug|Any CPU = Debug|Any CPU
		Release|Any CPU = Release|Any CPU
	EndGlobalSection
	GlobalSection(ProjectConfigurationPlatforms) = postSolution
		{2F4E84F7-AF97-4719-84AB-F1706E2C1B0C}.Debug|Any CPU.ActiveCfg = Debug|Any CPU
		{2F4E84F7-AF97-4719-84AB-F1706E2C1B0C}.Debug|Any CPU.Build.0 = Debug|Any CPU
		{2F4E84F7-AF97-4719-84AB-F1706E2C1B0C}.Release|Any CPU.ActiveCfg = Release|Any CPU
		{2F4E84F7-AF97-4719-84AB-F1706E2C1B0C}.Release|Any CPU.Build.0 = Release|Any CPU
	EndGlobalSection
	GlobalSection(SolutionProperties) = preSolution
		HideSolutionNode = FALSE
	EndGlobalSection
	GlobalSection(ExtensibilityGlobals) = postSolution
		SolutionGuid = {005232B5-C7B0-410B-8B29-DD5F3EBC65AF}
	EndGlobalSection
EndGlobal
